
Microsoft Visual Studio Solution File, Format Version 12.00
# Visual Studio Version 16
VisualStudioVersion = 16.0.29519.181
MinimumVisualStudioVersion = 10.0.40219.1
Project("{FAE04EC0-301F-11D3-BF4B-00C04F79EFBC}") = "CGLab2", "CGLab2\CGLab2.csproj", "{14C3FD25-F165-4E60-8086-06AF68A9DBEC}"
EndProject
Global
	GlobalSection(SolutionConfigurationPlatforms) = preSolution
		Debug|Any CPU = Debug|Any CPU
		Release|Any CPU = Release|Any CPU
	EndGlobalSection
	GlobalSection(ProjectConfigurationPlatforms) = postSolution
		{14C3FD25-F165-4E60-8086-06AF68A9DBEC}.Debug|Any CPU.ActiveCfg = Debug|Any CPU
		{14C3FD25-F165-4E60-8086-06AF68A9DBEC}.Debug|Any CPU.Build.0 = Debug|Any CPU
		{14C3FD25-F165-4E60-8086-06AF68A9DBEC}.Release|Any CPU.ActiveCfg = Release|Any CPU
		{14C3FD25-F165-4E60-8086-06AF68A9DBEC}.Release|Any CPU.Build.0 = Release|Any CPU
	EndGlobalSection
	GlobalSection(SolutionProperties) = preSolution
		HideSolutionNode = FALSE
	EndGlobalSection
	GlobalSection(ExtensibilityGlobals) = postSolution
		SolutionGuid = {7397BC54-7546-4860-85C2-78051F100FEC}
	EndGlobalSection
EndGlobal
